// !$*UTF8*$!
{
	archiveVersion = 1;
	classes = {
	};
	objectVersion = 50;
	objects = {

/* Begin PBXBuildFile section */
		A4AD2F1F256ECD94007F575C /* AppDelegate.swift in Sources */ = {isa = PBXBuildFile; fileRef = A4AD2F1E256ECD94007F575C /* AppDelegate.swift */; };
		A4AD2F21256ECD94007F575C /* SceneDelegate.swift in Sources */ = {isa = PBXBuildFile; fileRef = A4AD2F20256ECD94007F575C /* SceneDelegate.swift */; };
		A4AD2F26256ECD94007F575C /* Main.storyboard in Resources */ = {isa = PBXBuildFile; fileRef = A4AD2F24256ECD94007F575C /* Main.storyboard */; };
		A4AD2F28256ECD96007F575C /* Assets.xcassets in Resources */ = {isa = PBXBuildFile; fileRef = A4AD2F27256ECD96007F575C /* Assets.xcassets */; };
		A4AD2F2B256ECD96007F575C /* LaunchScreen.storyboard in Resources */ = {isa = PBXBuildFile; fileRef = A4AD2F29256ECD96007F575C /* LaunchScreen.storyboard */; };
		A4AD2F38256ECE67007F575C /* ImageViewController.swift in Sources */ = {isa = PBXBuildFile; fileRef = A4AD2F37256ECE67007F575C /* ImageViewController.swift */; };
		A4AD2F3F256ECEF0007F575C /* ImageCell.swift in Sources */ = {isa = PBXBuildFile; fileRef = A4AD2F3E256ECEF0007F575C /* ImageCell.swift */; };
		BF359073257E66E6000DB96D /* NetworkService.swift in Sources */ = {isa = PBXBuildFile; fileRef = BF359072257E66E6000DB96D /* NetworkService.swift */; };
		BF359076257E6C6F000DB96D /* SessionError.swift in Sources */ = {isa = PBXBuildFile; fileRef = BF359075257E6C6F000DB96D /* SessionError.swift */; };
		BF35907A257E8F29000DB96D /* ImageInfo.swift in Sources */ = {isa = PBXBuildFile; fileRef = BF359079257E8F29000DB96D /* ImageInfo.swift */; };
		BF35907D257EB0B9000DB96D /* ServerResponse.swift in Sources */ = {isa = PBXBuildFile; fileRef = BF35907C257EB0B9000DB96D /* ServerResponse.swift */; };
		BF8327232587972B000C60DD /* DetailViewController.swift in Sources */ = {isa = PBXBuildFile; fileRef = BF8327222587972B000C60DD /* DetailViewController.swift */; };
		BFA3922F25A21B3F001C17D0 /* CacheManager.swift in Sources */ = {isa = PBXBuildFile; fileRef = BFA3922E25A21B3E001C17D0 /* CacheManager.swift */; };
/* End PBXBuildFile section */

/* Begin PBXFileReference section */
		A4AD2F1B256ECD94007F575C /* ImageSearchProjectPetar.app */ = {isa = PBXFileReference; explicitFileType = wrapper.application; includeInIndex = 0; path = ImageSearchProjectPetar.app; sourceTree = BUILT_PRODUCTS_DIR; };
		A4AD2F1E256ECD94007F575C /* AppDelegate.swift */ = {isa = PBXFileReference; lastKnownFileType = sourcecode.swift; path = AppDelegate.swift; sourceTree = "<group>"; };
		A4AD2F20256ECD94007F575C /* SceneDelegate.swift */ = {isa = PBXFileReference; lastKnownFileType = sourcecode.swift; path = SceneDelegate.swift; sourceTree = "<group>"; };
		A4AD2F25256ECD94007F575C /* Base */ = {isa = PBXFileReference; lastKnownFileType = file.storyboard; name = Base; path = Base.lproj/Main.storyboard; sourceTree = "<group>"; };
		A4AD2F27256ECD96007F575C /* Assets.xcassets */ = {isa = PBXFileReference; lastKnownFileType = folder.assetcatalog; path = Assets.xcassets; sourceTree = "<group>"; };
		A4AD2F2A256ECD96007F575C /* Base */ = {isa = PBXFileReference; lastKnownFileType = file.storyboard; name = Base; path = Base.lproj/LaunchScreen.storyboard; sourceTree = "<group>"; };
		A4AD2F2C256ECD96007F575C /* Info.plist */ = {isa = PBXFileReference; lastKnownFileType = text.plist.xml; path = Info.plist; sourceTree = "<group>"; };
		A4AD2F37256ECE67007F575C /* ImageViewController.swift */ = {isa = PBXFileReference; lastKnownFileType = sourcecode.swift; path = ImageViewController.swift; sourceTree = "<group>"; };
		A4AD2F3E256ECEF0007F575C /* ImageCell.swift */ = {isa = PBXFileReference; lastKnownFileType = sourcecode.swift; path = ImageCell.swift; sourceTree = "<group>"; };
		BF359072257E66E6000DB96D /* NetworkService.swift */ = {isa = PBXFileReference; lastKnownFileType = sourcecode.swift; path = NetworkService.swift; sourceTree = "<group>"; };
		BF359075257E6C6F000DB96D /* SessionError.swift */ = {isa = PBXFileReference; lastKnownFileType = sourcecode.swift; path = SessionError.swift; sourceTree = "<group>"; };
		BF359079257E8F29000DB96D /* ImageInfo.swift */ = {isa = PBXFileReference; lastKnownFileType = sourcecode.swift; path = ImageInfo.swift; sourceTree = "<group>"; };
		BF35907C257EB0B9000DB96D /* ServerResponse.swift */ = {isa = PBXFileReference; lastKnownFileType = sourcecode.swift; path = ServerResponse.swift; sourceTree = "<group>"; };
		BF8327222587972B000C60DD /* DetailViewController.swift */ = {isa = PBXFileReference; lastKnownFileType = sourcecode.swift; path = DetailViewController.swift; sourceTree = "<group>"; };
		BFA3922E25A21B3E001C17D0 /* CacheManager.swift */ = {isa = PBXFileReference; lastKnownFileType = sourcecode.swift; path = CacheManager.swift; sourceTree = "<group>"; };
/* End PBXFileReference section */

/* Begin PBXFrameworksBuildPhase section */
		A4AD2F18256ECD94007F575C /* Frameworks */ = {
			isa = PBXFrameworksBuildPhase;
			buildActionMask = 2147483647;
			files = (
			);
			runOnlyForDeploymentPostprocessing = 0;
		};
/* End PBXFrameworksBuildPhase section */

/* Begin PBXGroup section */
		A4AD2F12256ECD94007F575C = {
			isa = PBXGroup;
			children = (
				A4AD2F1D256ECD94007F575C /* ImageSearch */,
				A4AD2F1C256ECD94007F575C /* Products */,
			);
			sourceTree = "<group>";
		};
		A4AD2F1C256ECD94007F575C /* Products */ = {
			isa = PBXGroup;
			children = (
				A4AD2F1B256ECD94007F575C /* ImageSearchProjectPetar.app */,
			);
			name = Products;
			sourceTree = "<group>";
		};
		A4AD2F1D256ECD94007F575C /* ImageSearch */ = {
			isa = PBXGroup;
			children = (
				BF4BEBD225910697006180D0 /* services */,
				A4AD2F34256ECE34007F575C /* AppDelegates */,
				A4AD2F36256ECE40007F575C /* Storyboards */,
				BF359078257E8EC9000DB96D /* model */,
				A4AD2F41256ECEF5007F575C /* View */,
				A4AD2F3B256ECE6D007F575C /* Controllers */,
				A4AD2F27256ECD96007F575C /* Assets.xcassets */,
				A4AD2F2C256ECD96007F575C /* Info.plist */,
			);
			path = ImageSearch;
			sourceTree = "<group>";
		};
		A4AD2F34256ECE34007F575C /* AppDelegates */ = {
			isa = PBXGroup;
			children = (
				A4AD2F1E256ECD94007F575C /* AppDelegate.swift */,
				A4AD2F20256ECD94007F575C /* SceneDelegate.swift */,
			);
			path = AppDelegates;
			sourceTree = "<group>";
		};
		A4AD2F36256ECE40007F575C /* Storyboards */ = {
			isa = PBXGroup;
			children = (
				A4AD2F24256ECD94007F575C /* Main.storyboard */,
				A4AD2F29256ECD96007F575C /* LaunchScreen.storyboard */,
			);
			path = Storyboards;
			sourceTree = "<group>";
		};
		A4AD2F3B256ECE6D007F575C /* Controllers */ = {
			isa = PBXGroup;
			children = (
				A4AD2F37256ECE67007F575C /* ImageViewController.swift */,
				BF8327222587972B000C60DD /* DetailViewController.swift */,
			);
			path = Controllers;
			sourceTree = "<group>";
		};
		A4AD2F41256ECEF5007F575C /* View */ = {
			isa = PBXGroup;
			children = (
				A4AD2F3E256ECEF0007F575C /* ImageCell.swift */,
			);
			path = View;
			sourceTree = "<group>";
		};
		BF359078257E8EC9000DB96D /* model */ = {
			isa = PBXGroup;
			children = (
				BF359075257E6C6F000DB96D /* SessionError.swift */,
				BF359079257E8F29000DB96D /* ImageInfo.swift */,
				BF35907C257EB0B9000DB96D /* ServerResponse.swift */,
			);
			path = model;
			sourceTree = "<group>";
		};
		BF4BEBD225910697006180D0 /* services */ = {
			isa = PBXGroup;
			children = (
				BF359072257E66E6000DB96D /* NetworkService.swift */,
				BFA3922E25A21B3E001C17D0 /* CacheManager.swift */,
			);
			path = services;
			sourceTree = "<group>";
		};
/* End PBXGroup section */

/* Begin PBXNativeTarget section */
		A4AD2F1A256ECD94007F575C /* ImageSearchProjectPetar */ = {
			isa = PBXNativeTarget;
			buildConfigurationList = A4AD2F2F256ECD96007F575C /* Build configuration list for PBXNativeTarget "ImageSearchProjectPetar" */;
			buildPhases = (
				A4AD2F17256ECD94007F575C /* Sources */,
				A4AD2F18256ECD94007F575C /* Frameworks */,
				A4AD2F19256ECD94007F575C /* Resources */,
			);
			buildRules = (
			);
			dependencies = (
			);
			name = ImageSearchProjectPetar;
			productName = ImageSearch;
			productReference = A4AD2F1B256ECD94007F575C /* ImageSearchProjectPetar.app */;
			productType = "com.apple.product-type.application";
		};
/* End PBXNativeTarget section */

/* Begin PBXProject section */
		A4AD2F13256ECD94007F575C /* Project object */ = {
			isa = PBXProject;
			attributes = {
				LastSwiftUpdateCheck = 1220;
				LastUpgradeCheck = 1220;
				TargetAttributes = {
					A4AD2F1A256ECD94007F575C = {
						CreatedOnToolsVersion = 12.2;
					};
				};
			};
			buildConfigurationList = A4AD2F16256ECD94007F575C /* Build configuration list for PBXProject "ImageSearchProjectPetar" */;
			compatibilityVersion = "Xcode 9.3";
			developmentRegion = en;
			hasScannedForEncodings = 0;
			knownRegions = (
				en,
				Base,
			);
			mainGroup = A4AD2F12256ECD94007F575C;
			productRefGroup = A4AD2F1C256ECD94007F575C /* Products */;
			projectDirPath = "";
			projectRoot = "";
			targets = (
				A4AD2F1A256ECD94007F575C /* ImageSearchProjectPetar */,
			);
		};
/* End PBXProject section */

/* Begin PBXResourcesBuildPhase section */
		A4AD2F19256ECD94007F575C /* Resources */ = {
			isa = PBXResourcesBuildPhase;
			buildActionMask = 2147483647;
			files = (
				A4AD2F2B256ECD96007F575C /* LaunchScreen.storyboard in Resources */,
				A4AD2F28256ECD96007F575C /* Assets.xcassets in Resources */,
				A4AD2F26256ECD94007F575C /* Main.storyboard in Resources */,
			);
			runOnlyForDeploymentPostprocessing = 0;
		};
/* End PBXResourcesBuildPhase section */

/* Begin PBXSourcesBuildPhase section */
		A4AD2F17256ECD94007F575C /* Sources */ = {
			isa = PBXSourcesBuildPhase;
			buildActionMask = 2147483647;
			files = (
				BF8327232587972B000C60DD /* DetailViewController.swift in Sources */,
				BF359073257E66E6000DB96D /* NetworkService.swift in Sources */,
				A4AD2F1F256ECD94007F575C /* AppDelegate.swift in Sources */,
				A4AD2F3F256ECEF0007F575C /* ImageCell.swift in Sources */,
				BF35907A257E8F29000DB96D /* ImageInfo.swift in Sources */,
				A4AD2F38256ECE67007F575C /* ImageViewController.swift in Sources */,
				BFA3922F25A21B3F001C17D0 /* CacheManager.swift in Sources */,
				BF35907D257EB0B9000DB96D /* ServerResponse.swift in Sources */,
				A4AD2F21256ECD94007F575C /* SceneDelegate.swift in Sources */,
				BF359076257E6C6F000DB96D /* SessionError.swift in Sources */,
			);
			runOnlyForDeploymentPostprocessing = 0;
		};
/* End PBXSourcesBuildPhase section */

/* Begin PBXVariantGroup section */
		A4AD2F24256ECD94007F575C /* Main.storyboard */ = {
			isa = PBXVariantGroup;
			children = (
				A4AD2F25256ECD94007F575C /* Base */,
			);
			name = Main.storyboard;
			sourceTree = "<group>";
		};
		A4AD2F29256ECD96007F575C /* LaunchScreen.storyboard */ = {
			isa = PBXVariantGroup;
			children = (
				A4AD2F2A256ECD96007F575C /* Base */,
			);
			name = LaunchScreen.storyboard;
			sourceTree = "<group>";
		};
/* End PBXVariantGroup section */

/* Begin XCBuildConfiguration section */
		A4AD2F2D256ECD96007F575C /* Debug */ = {
			isa = XCBuildConfiguration;
			buildSettings = {
				ALWAYS_SEARCH_USER_PATHS = NO;
				CLANG_ANALYZER_NONNULL = YES;
				CLANG_ANALYZER_NUMBER_OBJECT_CONVERSION = YES_AGGRESSIVE;
				CLANG_CXX_LANGUAGE_STANDARD = "gnu++14";
				CLANG_CXX_LIBRARY = "libc++";
				CLANG_ENABLE_MODULES = YES;
				CLANG_ENABLE_OBJC_ARC = YES;
				CLANG_ENABLE_OBJC_WEAK = YES;
				CLANG_WARN_BLOCK_CAPTURE_AUTORELEASING = YES;
				CLANG_WARN_BOOL_CONVERSION = YES;
				CLANG_WARN_COMMA = YES;
				CLANG_WARN_CONSTANT_CONVERSION = YES;
				CLANG_WARN_DEPRECATED_OBJC_IMPLEMENTATIONS = YES;
				CLANG_WARN_DIRECT_OBJC_ISA_USAGE = YES_ERROR;
				CLANG_WARN_DOCUMENTATION_COMMENTS = YES;
				CLANG_WARN_EMPTY_BODY = YES;
				CLANG_WARN_ENUM_CONVERSION = YES;
				CLANG_WARN_INFINITE_RECURSION = YES;
				CLANG_WARN_INT_CONVERSION = YES;
				CLANG_WARN_NON_LITERAL_NULL_CONVERSION = YES;
				CLANG_WARN_OBJC_IMPLICIT_RETAIN_SELF = YES;
				CLANG_WARN_OBJC_LITERAL_CONVERSION = YES;
				CLANG_WARN_OBJC_ROOT_CLASS = YES_ERROR;
				CLANG_WARN_QUOTED_INCLUDE_IN_FRAMEWORK_HEADER = YES;
				CLANG_WARN_RANGE_LOOP_ANALYSIS = YES;
				CLANG_WARN_STRICT_PROTOTYPES = YES;
				CLANG_WARN_SUSPICIOUS_MOVE = YES;
				CLANG_WARN_UNGUARDED_AVAILABILITY = YES_AGGRESSIVE;
				CLANG_WARN_UNREACHABLE_CODE = YES;
				CLANG_WARN__DUPLICATE_METHOD_MATCH = YES;
				COPY_PHASE_STRIP = NO;
				DEBUG_INFORMATION_FORMAT = dwarf;
				ENABLE_STRICT_OBJC_MSGSEND = YES;
				ENABLE_TESTABILITY = YES;
				GCC_C_LANGUAGE_STANDARD = gnu11;
				GCC_DYNAMIC_NO_PIC = NO;
				GCC_NO_COMMON_BLOCKS = YES;
				GCC_OPTIMIZATION_LEVEL = 0;
				GCC_PREPROCESSOR_DEFINITIONS = (
					"DEBUG=1",
					"$(inherited)",
				);
				GCC_WARN_64_TO_32_BIT_CONVERSION = YES;
				GCC_WARN_ABOUT_RETURN_TYPE = YES_ERROR;
				GCC_WARN_UNDECLARED_SELECTOR = YES;
				GCC_WARN_UNINITIALIZED_AUTOS = YES_AGGRESSIVE;
				GCC_WARN_UNUSED_FUNCTION = YES;
				GCC_WARN_UNUSED_VARIABLE = YES;
				IPHONEOS_DEPLOYMENT_TARGET = 14.2;
				MTL_ENABLE_DEBUG_INFO = INCLUDE_SOURCE;
				MTL_FAST_MATH = YES;
				ONLY_ACTIVE_ARCH = YES;
				SDKROOT = iphoneos;
				SWIFT_ACTIVE_COMPILATION_CONDITIONS = DEBUG;
				SWIFT_OPTIMIZATION_LEVEL = "-Onone";
			};
			name = Debug;
		};
		A4AD2F2E256ECD96007F575C /* Release */ = {
			isa = XCBuildConfiguration;
			buildSettings = {
				ALWAYS_SEARCH_USER_PATHS = NO;
				CLANG_ANALYZER_NONNULL = YES;
				CLANG_ANALYZER_NUMBER_OBJECT_CONVERSION = YES_AGGRESSIVE;
				CLANG_CXX_LANGUAGE_STANDARD = "gnu++14";
				CLANG_CXX_LIBRARY = "libc++";
				CLANG_ENABLE_MODULES = YES;
				CLANG_ENABLE_OBJC_ARC = YES;
				CLANG_ENABLE_OBJC_WEAK = YES;
				CLANG_WARN_BLOCK_CAPTURE_AUTORELEASING = YES;
				CLANG_WARN_BOOL_CONVERSION = YES;
				CLANG_WARN_COMMA = YES;
				CLANG_WARN_CONSTANT_CONVERSION = YES;
				CLANG_WARN_DEPRECATED_OBJC_IMPLEMENTATIONS = YES;
				CLANG_WARN_DIRECT_OBJC_ISA_USAGE = YES_ERROR;
				CLANG_WARN_DOCUMENTATION_COMMENTS = YES;
				CLANG_WARN_EMPTY_BODY = YES;
				CLANG_WARN_ENUM_CONVERSION = YES;
				CLANG_WARN_INFINITE_RECURSION = YES;
				CLANG_WARN_INT_CONVERSION = YES;
				CLANG_WARN_NON_LITERAL_NULL_CONVERSION = YES;
				CLANG_WARN_OBJC_IMPLICIT_RETAIN_SELF = YES;
				CLANG_WARN_OBJC_LITERAL_CONVERSION = YES;
				CLANG_WARN_OBJC_ROOT_CLASS = YES_ERROR;
				CLANG_WARN_QUOTED_INCLUDE_IN_FRAMEWORK_HEADER = YES;
				CLANG_WARN_RANGE_LOOP_ANALYSIS = YES;
				CLANG_WARN_STRICT_PROTOTYPES = YES;
				CLANG_WARN_SUSPICIOUS_MOVE = YES;
				CLANG_WARN_UNGUARDED_AVAILABILITY = YES_AGGRESSIVE;
				CLANG_WARN_UNREACHABLE_CODE = YES;
				CLANG_WARN__DUPLICATE_METHOD_MATCH = YES;
				COPY_PHASE_STRIP = NO;
				DEBUG_INFORMATION_FORMAT = "dwarf-with-dsym";
				ENABLE_NS_ASSERTIONS = NO;
				ENABLE_STRICT_OBJC_MSGSEND = YES;
				GCC_C_LANGUAGE_STANDARD = gnu11;
				GCC_NO_COMMON_BLOCKS = YES;
				GCC_WARN_64_TO_32_BIT_CONVERSION = YES;
				GCC_WARN_ABOUT_RETURN_TYPE = YES_ERROR;
				GCC_WARN_UNDECLARED_SELECTOR = YES;
				GCC_WARN_UNINITIALIZED_AUTOS = YES_AGGRESSIVE;
				GCC_WARN_UNUSED_FUNCTION = YES;
				GCC_WARN_UNUSED_VARIABLE = YES;
				IPHONEOS_DEPLOYMENT_TARGET = 14.2;
				MTL_ENABLE_DEBUG_INFO = NO;
				MTL_FAST_MATH = YES;
				SDKROOT = iphoneos;
				SWIFT_COMPILATION_MODE = wholemodule;
				SWIFT_OPTIMIZATION_LEVEL = "-O";
				VALIDATE_PRODUCT = YES;
			};
			name = Release;
		};
		A4AD2F30256ECD96007F575C /* Debug */ = {
			isa = XCBuildConfiguration;
			buildSettings = {
				ASSETCATALOG_COMPILER_APPICON_NAME = AppIcon;
				ASSETCATALOG_COMPILER_GLOBAL_ACCENT_COLOR_NAME = AccentColor;
				CODE_SIGN_STYLE = Automatic;
				DEVELOPMENT_TEAM = N8U99CLXJ5;
				INFOPLIST_FILE = ImageSearch/Info.plist;
				IPHONEOS_DEPLOYMENT_TARGET = 14.3;
				LD_RUNPATH_SEARCH_PATHS = (
					"$(inherited)",
					"@executable_path/Frameworks",
				);
				PRODUCT_BUNDLE_IDENTIFIER = pycak.ImageSearch;
				PRODUCT_NAME = "$(TARGET_NAME)";
				SWIFT_VERSION = 5.0;
				TARGETED_DEVICE_FAMILY = "1,2";
			};
			name = Debug;
		};
		A4AD2F31256ECD96007F575C /* Release */ = {
			isa = XCBuildConfiguration;
			buildSettings = {
				ASSETCATALOG_COMPILER_APPICON_NAME = AppIcon;
				ASSETCATALOG_COMPILER_GLOBAL_ACCENT_COLOR_NAME = AccentColor;
				CODE_SIGN_STYLE = Automatic;
				DEVELOPMENT_TEAM = N8U99CLXJ5;
				INFOPLIST_FILE = ImageSearch/Info.plist;
				IPHONEOS_DEPLOYMENT_TARGET = 14.3;
				LD_RUNPATH_SEARCH_PATHS = (
					"$(inherited)",
					"@executable_path/Frameworks",
				);
				PRODUCT_BUNDLE_IDENTIFIER = pycak.ImageSearch;
				PRODUCT_NAME = "$(TARGET_NAME)";
				SWIFT_VERSION = 5.0;
				TARGETED_DEVICE_FAMILY = "1,2";
			};
			name = Release;
		};
/* End XCBuildConfiguration section */

/* Begin XCConfigurationList section */
		A4AD2F16256ECD94007F575C /* Build configuration list for PBXProject "ImageSearchProjectPetar" */ = {
			isa = XCConfigurationList;
			buildConfigurations = (
				A4AD2F2D256ECD96007F575C /* Debug */,
				A4AD2F2E256ECD96007F575C /* Release */,
			);
			defaultConfigurationIsVisible = 0;
			defaultConfigurationName = Release;
		};
		A4AD2F2F256ECD96007F575C /* Build configuration list for PBXNativeTarget "ImageSearchProjectPetar" */ = {
			isa = XCConfigurationList;
			buildConfigurations = (
				A4AD2F30256ECD96007F575C /* Debug */,
				A4AD2F31256ECD96007F575C /* Release */,
			);
			defaultConfigurationIsVisible = 0;
			defaultConfigurationName = Release;
		};
/* End XCConfigurationList section */
	};
	rootObject = A4AD2F13256ECD94007F575C /* Project object */;
}
